# THIS IS AN AUTOGENERATED FILE. DO NOT EDIT THIS FILE DIRECTLY.
# yarn lockfile v1


"@ohoareau/aws-handlers@^0.1.10":
  version "0.1.15"
  resolved "https://registry.yarnpkg.com/@ohoareau/aws-handlers/-/aws-handlers-0.1.15.tgz#81517cff2f0d6dc67d174a05fbc9c5a0d0815d62"
  integrity sha512-yoiO13sw0Jhl2sOFhRJdrY9BU1oTqPtZOgEPwdQDLYeXld2dQ6TrYZZbqBeS9s0v7pCDRF2cvwFci7T24h4tkA==
  dependencies:
    "@ohoareau/aws" "^0.1.5"
    "@ohoareau/topper" "^0.1.4"

"@ohoareau/aws@^0.1.3", "@ohoareau/aws@^0.1.5":
  version "0.1.5"
  resolved "https://registry.yarnpkg.com/@ohoareau/aws/-/aws-0.1.5.tgz#2aae671040f589d7b7f64ae31117c7e39450b087"
  integrity sha512-mdxc3b5SKBrGJ1nySxeU+59HmsWTKE3LrIlxVL+QXfGnWsUF5y/p+oqrJ4G637xigaUL50hz+SMfdCNA6hkajQ==
  dependencies:
    "@ohoareau/errors" "^0.1.0"
    uuid "^8.3.1"

"@ohoareau/errors@^0.1.0":
  version "0.1.0"
  resolved "https://registry.yarnpkg.com/@ohoareau/errors/-/errors-0.1.0.tgz#dc6646ba6892fa90934c86227d28a8d38414ed1f"
  integrity sha512-5eeiyHzTScqvxsS3O3cRFYUptsJvGvoFJX4gGFkG+U5T9rjWHE6NePpRzH0V8ieuxkfXtTN5e5qfmRn3fHqy7g==

"@ohoareau/topper@^0.1.4":
  version "0.1.4"
  resolved "https://registry.yarnpkg.com/@ohoareau/topper/-/topper-0.1.4.tgz#1027bdc34ef997e533bef1ca4a8b2c98a32ea93f"
  integrity sha512-dPEI7HocJPoa4uVh+9+D8GEuSp7da81DfQJnGmsQjZXHhnu61Xt4h8noK1yr1Q/3t/bUDdDNd2P2KsaLkurWyw==

node-fetch@^2.6.1:
  version "2.6.1"
  resolved "https://registry.yarnpkg.com/node-fetch/-/node-fetch-2.6.1.tgz#045bd323631f76ed2e2b55573394416b639a0052"
  integrity sha512-V4aYg89jEoVRxRb2fJdAg8FHvI7cEyYdVAh94HH0UIK8oJxUfkjlDQN9RbMx+bEjP7+ggMiFRprSti032Oipxw==

node-gzip@^1.1.2:
  version "1.1.2"
  resolved "https://registry.yarnpkg.com/node-gzip/-/node-gzip-1.1.2.tgz#245bd171b31ce7c7f50fc4cd0ca7195534359afb"
  integrity sha512-ZB6zWpfZHGtxZnPMrJSKHVPrRjURoUzaDbLFj3VO70mpLTW5np96vXyHwft4Id0o+PYIzgDkBUjIzaNHhQ8srw==

uuid@^8.3.1:
  version "8.3.2"
  resolved "https://registry.yarnpkg.com/uuid/-/uuid-8.3.2.tgz#80d5b5ced271bb9af6c445f21a1a04c606cefbe2"
  integrity sha512-+NYs2QeMWy+GWFOEm9xnn6HCDp0l7QBD7ml8zLUmJ+93Q5NF0NocErnwkTkXVFNiX3/fpC6afS8Dhb/gz7R7eg==
